
Microsoft Visual Studio Solution File, Format Version 12.00
# Visual Studio Version 17
VisualStudioVersion = 17.2.32630.192
MinimumVisualStudioVersion = 10.0.40219.1
Project("{FAE04EC0-301F-11D3-BF4B-00C04F79EFBC}") = "TaskMan1", "TaskMan1\TaskMan1.csproj", "{89B3F84B-A4AB-4A96-B373-4C07C289688E}"
EndProject
Project("{2150E333-8FDC-42A3-9474-1A3956D46DE8}") = "Documentation", "Documentation", "{5866B8D3-3EB1-4812-A50D-DD65E61BDD0E}"
	ProjectSection(SolutionItems) = preProject
		Документация\Database.txt = Документация\Database.txt
		..\Справочники\Wiki-TaskMan\Wiki-TaskMan.wiki = ..\Справочники\Wiki-TaskMan\Wiki-TaskMan.wiki
		Документация\Карточка Элемента.txt = Документация\Карточка Элемента.txt
		Документация\МенюПриложения.txt = Документация\МенюПриложения.txt
	EndProjectSection
EndProject
Project("{FAE04EC0-301F-11D3-BF4B-00C04F79EFBC}") = "TaskEngine", "TaskEngine\TaskEngine.csproj", "{80A0FDE9-4052-4CCB-803D-D184DF9DA358}"
EndProject
Project("{FAE04EC0-301F-11D3-BF4B-00C04F79EFBC}") = "Tasks", "Tasks\Tasks.csproj", "{82953525-D70D-4127-805F-A060236C7747}"
EndProject
Global
	GlobalSection(SolutionConfigurationPlatforms) = preSolution
		Debug|Any CPU = Debug|Any CPU
		Release|Any CPU = Release|Any CPU
	EndGlobalSection
	GlobalSection(ProjectConfigurationPlatforms) = postSolution
		{89B3F84B-A4AB-4A96-B373-4C07C289688E}.Debug|Any CPU.ActiveCfg = Debug|Any CPU
		{89B3F84B-A4AB-4A96-B373-4C07C289688E}.Debug|Any CPU.Build.0 = Debug|Any CPU
		{89B3F84B-A4AB-4A96-B373-4C07C289688E}.Release|Any CPU.ActiveCfg = Release|Any CPU
		{89B3F84B-A4AB-4A96-B373-4C07C289688E}.Release|Any CPU.Build.0 = Release|Any CPU
		{80A0FDE9-4052-4CCB-803D-D184DF9DA358}.Debug|Any CPU.ActiveCfg = Debug|Any CPU
		{80A0FDE9-4052-4CCB-803D-D184DF9DA358}.Debug|Any CPU.Build.0 = Debug|Any CPU
		{80A0FDE9-4052-4CCB-803D-D184DF9DA358}.Release|Any CPU.ActiveCfg = Release|Any CPU
		{80A0FDE9-4052-4CCB-803D-D184DF9DA358}.Release|Any CPU.Build.0 = Release|Any CPU
		{82953525-D70D-4127-805F-A060236C7747}.Debug|Any CPU.ActiveCfg = Debug|Any CPU
		{82953525-D70D-4127-805F-A060236C7747}.Debug|Any CPU.Build.0 = Debug|Any CPU
		{82953525-D70D-4127-805F-A060236C7747}.Release|Any CPU.ActiveCfg = Release|Any CPU
		{82953525-D70D-4127-805F-A060236C7747}.Release|Any CPU.Build.0 = Release|Any CPU
	EndGlobalSection
	GlobalSection(SolutionProperties) = preSolution
		HideSolutionNode = FALSE
	EndGlobalSection
	GlobalSection(ExtensibilityGlobals) = postSolution
		SolutionGuid = {AEF0123C-2CD1-48E8-B512-71282001AFAE}
	EndGlobalSection
EndGlobal
